
Microsoft Visual Studio Solution File, Format Version 12.00
# Visual Studio Version 16
VisualStudioVersion = 16.0.31727.386
MinimumVisualStudioVersion = 10.0.40219.1
Project("{FAE04EC0-301F-11D3-BF4B-00C04F79EFBC}") = "PostaRomanaFrontend", "PostaRomanaFrontend\PostaRomanaFrontend.csproj", "{EEE98034-2AFE-46FE-A171-D2314123C66F}"
EndProject
Project("{9A19103F-16F7-4668-BE54-9A1E7A4F7556}") = "Models", "Models\Models.csproj", "{8C709DB7-D2AA-4D82-BD7C-2EE02A7E7AF4}"
EndProject
Project("{FAE04EC0-301F-11D3-BF4B-00C04F79EFBC}") = "PostaRomana.AddEditEvent", "AddEditEvent\PostaRomana.AddEditEvent.csproj", "{FED6324B-4DF1-4A53-95C8-3E5166D124BB}"
EndProject
Project("{FAE04EC0-301F-11D3-BF4B-00C04F79EFBC}") = "SignUp", "SignUp\SignUp.csproj", "{AB85AB08-B3A9-4A27-86DF-D9E3A0FD2592}"
EndProject
Project("{FAE04EC0-301F-11D3-BF4B-00C04F79EFBC}") = "LogIn", "LogIn\LogIn.csproj", "{DAF9C908-D49E-441B-9219-889EA9F88415}"
EndProject
Global
	GlobalSection(SolutionConfigurationPlatforms) = preSolution
		Debug|Any CPU = Debug|Any CPU
		Release|Any CPU = Release|Any CPU
	EndGlobalSection
	GlobalSection(ProjectConfigurationPlatforms) = postSolution
		{EEE98034-2AFE-46FE-A171-D2314123C66F}.Debug|Any CPU.ActiveCfg = Debug|Any CPU
		{EEE98034-2AFE-46FE-A171-D2314123C66F}.Debug|Any CPU.Build.0 = Debug|Any CPU
		{EEE98034-2AFE-46FE-A171-D2314123C66F}.Release|Any CPU.ActiveCfg = Release|Any CPU
		{EEE98034-2AFE-46FE-A171-D2314123C66F}.Release|Any CPU.Build.0 = Release|Any CPU
		{8C709DB7-D2AA-4D82-BD7C-2EE02A7E7AF4}.Debug|Any CPU.ActiveCfg = Debug|Any CPU
		{8C709DB7-D2AA-4D82-BD7C-2EE02A7E7AF4}.Debug|Any CPU.Build.0 = Debug|Any CPU
		{8C709DB7-D2AA-4D82-BD7C-2EE02A7E7AF4}.Release|Any CPU.ActiveCfg = Release|Any CPU
		{8C709DB7-D2AA-4D82-BD7C-2EE02A7E7AF4}.Release|Any CPU.Build.0 = Release|Any CPU
		{FED6324B-4DF1-4A53-95C8-3E5166D124BB}.Debug|Any CPU.ActiveCfg = Debug|Any CPU
		{FED6324B-4DF1-4A53-95C8-3E5166D124BB}.Debug|Any CPU.Build.0 = Debug|Any CPU
		{FED6324B-4DF1-4A53-95C8-3E5166D124BB}.Release|Any CPU.ActiveCfg = Release|Any CPU
		{FED6324B-4DF1-4A53-95C8-3E5166D124BB}.Release|Any CPU.Build.0 = Release|Any CPU
		{AB85AB08-B3A9-4A27-86DF-D9E3A0FD2592}.Debug|Any CPU.ActiveCfg = Debug|Any CPU
		{AB85AB08-B3A9-4A27-86DF-D9E3A0FD2592}.Debug|Any CPU.Build.0 = Debug|Any CPU
		{AB85AB08-B3A9-4A27-86DF-D9E3A0FD2592}.Release|Any CPU.ActiveCfg = Release|Any CPU
		{AB85AB08-B3A9-4A27-86DF-D9E3A0FD2592}.Release|Any CPU.Build.0 = Release|Any CPU
		{DAF9C908-D49E-441B-9219-889EA9F88415}.Debug|Any CPU.ActiveCfg = Debug|Any CPU
		{DAF9C908-D49E-441B-9219-889EA9F88415}.Debug|Any CPU.Build.0 = Debug|Any CPU
		{DAF9C908-D49E-441B-9219-889EA9F88415}.Release|Any CPU.ActiveCfg = Release|Any CPU
		{DAF9C908-D49E-441B-9219-889EA9F88415}.Release|Any CPU.Build.0 = Release|Any CPU
	EndGlobalSection
	GlobalSection(SolutionProperties) = preSolution
		HideSolutionNode = FALSE
	EndGlobalSection
	GlobalSection(ExtensibilityGlobals) = postSolution
		SolutionGuid = {A62F5369-77D0-4887-BFCF-9E8B3534E261}
	EndGlobalSection
EndGlobal
